
Microsoft Visual Studio Solution File, Format Version 12.00
# Visual Studio Version 16
VisualStudioVersion = 16.0.31911.196
MinimumVisualStudioVersion = 10.0.40219.1
Project("{FAE04EC0-301F-11D3-BF4B-00C04F79EFBC}") = "4.AccountDemo", "4.AccountDemo.csproj", "{36CAA64B-3F97-4302-BF7B-263FED01D6BF}"
EndProject
Global
	GlobalSection(SolutionConfigurationPlatforms) = preSolution
		Debug|Any CPU = Debug|Any CPU
		Release|Any CPU = Release|Any CPU
	EndGlobalSection
	GlobalSection(ProjectConfigurationPlatforms) = postSolution
		{36CAA64B-3F97-4302-BF7B-263FED01D6BF}.Debug|Any CPU.ActiveCfg = Debug|Any CPU
		{36CAA64B-3F97-4302-BF7B-263FED01D6BF}.Debug|Any CPU.Build.0 = Debug|Any CPU
		{36CAA64B-3F97-4302-BF7B-263FED01D6BF}.Release|Any CPU.ActiveCfg = Release|Any CPU
		{36CAA64B-3F97-4302-BF7B-263FED01D6BF}.Release|Any CPU.Build.0 = Release|Any CPU
	EndGlobalSection
	GlobalSection(SolutionProperties) = preSolution
		HideSolutionNode = FALSE
	EndGlobalSection
	GlobalSection(ExtensibilityGlobals) = postSolution
		SolutionGuid = {A948B1D4-466C-471B-B157-9688F21F9442}
	EndGlobalSection
EndGlobal
